
Microsoft Visual Studio Solution File, Format Version 12.00
# Visual Studio 15
VisualStudioVersion = 15.0.28307.489
MinimumVisualStudioVersion = 10.0.40219.1
Project("{FAE04EC0-301F-11D3-BF4B-00C04F79EFBC}") = "Task5", "Task5\Task5.csproj", "{9FCF4A8C-62AE-4B83-8EF7-921976FFA0D4}"
EndProject
Global
	GlobalSection(SolutionConfigurationPlatforms) = preSolution
		Debug|Any CPU = Debug|Any CPU
		Release|Any CPU = Release|Any CPU
	EndGlobalSection
	GlobalSection(ProjectConfigurationPlatforms) = postSolution
		{9FCF4A8C-62AE-4B83-8EF7-921976FFA0D4}.Debug|Any CPU.ActiveCfg = Debug|Any CPU
		{9FCF4A8C-62AE-4B83-8EF7-921976FFA0D4}.Debug|Any CPU.Build.0 = Debug|Any CPU
		{9FCF4A8C-62AE-4B83-8EF7-921976FFA0D4}.Release|Any CPU.ActiveCfg = Release|Any CPU
		{9FCF4A8C-62AE-4B83-8EF7-921976FFA0D4}.Release|Any CPU.Build.0 = Release|Any CPU
	EndGlobalSection
	GlobalSection(SolutionProperties) = preSolution
		HideSolutionNode = FALSE
	EndGlobalSection
	GlobalSection(ExtensibilityGlobals) = postSolution
		SolutionGuid = {489BC9E9-A165-4A2F-B07F-0440EA89203F}
	EndGlobalSection
EndGlobal
